{
  "name": "snl",
  "version": "1.0.0",
  "lockfileVersion": 2,
  "requires": true,
  "packages": {
    "": {
      "version": "1.0.0",
      "dependencies": {
        "graphviz": "^0.0.9",
        "python-js": "^0.9.8"
      },
      "devDependencies": {
        "digraph": "^1.6.1"
      }
    },
    "node_modules/digraph": {
      "version": "1.6.1",
      "resolved": "https://registry.nlark.com/digraph/download/digraph-1.6.1.tgz",
      "integrity": "sha1-UdEWH1ZF2cXczRtPXmRA2U2/Nqw=",
      "dev": true
    },
    "node_modules/graphviz": {
      "version": "0.0.9",
      "resolved": "https://registry.npm.taobao.org/graphviz/download/graphviz-0.0.9.tgz",
      "integrity": "sha1-C78d9YjGqSJZKC2jUyNiJSjEu8Q=",
      "dependencies": {
        "temp": "~0.4.0"
      },
      "engines": {
        "node": ">=0.6.8"
      }
    },
    "node_modules/long": {
      "version": "4.0.0",
      "resolved": "https://registry.npm.taobao.org/long/download/long-4.0.0.tgz",
      "integrity": "sha1-mntxz7fTYaGU6lVSQckvdGjVvyg="
    },
    "node_modules/python-js": {
      "version": "0.9.8",
      "resolved": "https://registry.nlark.com/python-js/download/python-js-0.9.8.tgz",
      "integrity": "sha1-lkSG2ckJDsuxOHWwhS7uEMJ7K44=",
      "dependencies": {
        "long": "*",
        "requirejs": "*",
        "workerjs": "*"
      },
      "bin": {
        "python-js": "cli.js"
      },
      "engines": {
        "node": "*"
      }
    },
    "node_modules/requirejs": {
      "version": "2.3.6",
      "resolved": "https://registry.npm.taobao.org/requirejs/download/requirejs-2.3.6.tgz",
      "integrity": "sha1-5Qk9lgHCgpJRJYwLlEXU0Z+p58k=",
      "bin": {
        "r_js": "bin/r.js",
        "r.js": "bin/r.js"
      },
      "engines": {
        "node": ">=0.4.0"
      }
    },
    "node_modules/temp": {
      "version": "0.4.0",
      "resolved": "https://registry.npm.taobao.org/temp/download/temp-0.4.0.tgz",
      "integrity": "sha1-ZxrWPVe+D+nXKUZks/xABjZnimA=",
      "engines": [
        "node >=0.4.0"
      ]
    },
    "node_modules/workerjs": {
      "version": "0.1.1",
      "resolved": "https://registry.nlark.com/workerjs/download/workerjs-0.1.1.tgz",
      "integrity": "sha1-t5Oe1UQAk3wcHvNbdLN92bvL3eY="
    }
  },
  "dependencies": {
    "digraph": {
      "version": "1.6.1",
      "resolved": "https://registry.nlark.com/digraph/download/digraph-1.6.1.tgz",
      "integrity": "sha1-UdEWH1ZF2cXczRtPXmRA2U2/Nqw=",
      "dev": true
    },
    "graphviz": {
      "version": "0.0.9",
      "resolved": "https://registry.npm.taobao.org/graphviz/download/graphviz-0.0.9.tgz",
      "integrity": "sha1-C78d9YjGqSJZKC2jUyNiJSjEu8Q=",
      "requires": {
        "temp": "~0.4.0"
      }
    },
    "long": {
      "version": "4.0.0",
      "resolved": "https://registry.npm.taobao.org/long/download/long-4.0.0.tgz",
      "integrity": "sha1-mntxz7fTYaGU6lVSQckvdGjVvyg="
    },
    "python-js": {
      "version": "0.9.8",
      "resolved": "https://registry.nlark.com/python-js/download/python-js-0.9.8.tgz",
      "integrity": "sha1-lkSG2ckJDsuxOHWwhS7uEMJ7K44=",
      "requires": {
        "long": "*",
        "requirejs": "*",
        "workerjs": "*"
      }
    },
    "requirejs": {
      "version": "2.3.6",
      "resolved": "https://registry.npm.taobao.org/requirejs/download/requirejs-2.3.6.tgz",
      "integrity": "sha1-5Qk9lgHCgpJRJYwLlEXU0Z+p58k="
    },
    "temp": {
      "version": "0.4.0",
      "resolved": "https://registry.npm.taobao.org/temp/download/temp-0.4.0.tgz",
      "integrity": "sha1-ZxrWPVe+D+nXKUZks/xABjZnimA="
    },
    "workerjs": {
      "version": "0.1.1",
      "resolved": "https://registry.nlark.com/workerjs/download/workerjs-0.1.1.tgz",
      "integrity": "sha1-t5Oe1UQAk3wcHvNbdLN92bvL3eY="
    }
  }
}
